// !$*UTF8*$!
{
	archiveVersion = 1;
	classes = {
	};
	objectVersion = 46;
	objects = {

/* Begin PBXBuildFile section */
		D82A73011AB07A4F00AD0AF9 /* main.m in Sources */ = {isa = PBXBuildFile; fileRef = D82A73001AB07A4F00AD0AF9 /* main.m */; };
		D82A73041AB07A4F00AD0AF9 /* AppDelegate.m in Sources */ = {isa = PBXBuildFile; fileRef = D82A73031AB07A4F00AD0AF9 /* AppDelegate.m */; };
		D82A730C1AB07A4F00AD0AF9 /* Images.xcassets in Resources */ = {isa = PBXBuildFile; fileRef = D82A730B1AB07A4F00AD0AF9 /* Images.xcassets */; };
		D82A730F1AB07A4F00AD0AF9 /* LaunchScreen.xib in Resources */ = {isa = PBXBuildFile; fileRef = D82A730D1AB07A4F00AD0AF9 /* LaunchScreen.xib */; };
		D82A731B1AB07A4F00AD0AF9 /* SudokuDemoTests.m in Sources */ = {isa = PBXBuildFile; fileRef = D82A731A1AB07A4F00AD0AF9 /* SudokuDemoTests.m */; };
		D82A73261AB07A7100AD0AF9 /* WTSudokuView.m in Sources */ = {isa = PBXBuildFile; fileRef = D82A73251AB07A7100AD0AF9 /* WTSudokuView.m */; };
		D82A73331AB0838C00AD0AF9 /* SudokuViewController.m in Sources */ = {isa = PBXBuildFile; fileRef = D82A73321AB0838C00AD0AF9 /* SudokuViewController.m */; };
		D82A73361AB083CC00AD0AF9 /* KeychainItemWrapper.m in Sources */ = {isa = PBXBuildFile; fileRef = D82A73351AB083CC00AD0AF9 /* KeychainItemWrapper.m */; settings = {COMPILER_FLAGS = "-fno-objc-arc"; }; };
		D82A733C1AB08BB700AD0AF9 /* TableViewController.m in Sources */ = {isa = PBXBuildFile; fileRef = D82A733B1AB08BB700AD0AF9 /* TableViewController.m */; };
		D82A733E1AB093FC00AD0AF9 /* CoreGraphics.framework in Frameworks */ = {isa = PBXBuildFile; fileRef = D82A733D1AB093FC00AD0AF9 /* CoreGraphics.framework */; };
		D853DB841AB138CD004B6DCC /* GesturePasswordBackground.png in Resources */ = {isa = PBXBuildFile; fileRef = D853DB831AB138CD004B6DCC /* GesturePasswordBackground.png */; };
		D853DB861AB1EBBF004B6DCC /* libstdc++.6.0.9.dylib in Frameworks */ = {isa = PBXBuildFile; fileRef = D853DB851AB1EBBF004B6DCC /* libstdc++.6.0.9.dylib */; };
/* End PBXBuildFile section */

/* Begin PBXContainerItemProxy section */
		D82A73151AB07A4F00AD0AF9 /* PBXContainerItemProxy */ = {
			isa = PBXContainerItemProxy;
			containerPortal = D82A72F31AB07A4F00AD0AF9 /* Project object */;
			proxyType = 1;
			remoteGlobalIDString = D82A72FA1AB07A4F00AD0AF9;
			remoteInfo = SudokuDemo;
		};
/* End PBXContainerItemProxy section */

/* Begin PBXFileReference section */
		D82A72FB1AB07A4F00AD0AF9 /* SudokuDemo.app */ = {isa = PBXFileReference; explicitFileType = wrapper.application; includeInIndex = 0; path = SudokuDemo.app; sourceTree = BUILT_PRODUCTS_DIR; };
		D82A72FF1AB07A4F00AD0AF9 /* Info.plist */ = {isa = PBXFileReference; lastKnownFileType = text.plist.xml; path = Info.plist; sourceTree = "<group>"; };
		D82A73001AB07A4F00AD0AF9 /* main.m */ = {isa = PBXFileReference; lastKnownFileType = sourcecode.c.objc; path = main.m; sourceTree = "<group>"; };
		D82A73021AB07A4F00AD0AF9 /* AppDelegate.h */ = {isa = PBXFileReference; lastKnownFileType = sourcecode.c.h; path = AppDelegate.h; sourceTree = "<group>"; };
		D82A73031AB07A4F00AD0AF9 /* AppDelegate.m */ = {isa = PBXFileReference; lastKnownFileType = sourcecode.c.objc; path = AppDelegate.m; sourceTree = "<group>"; };
		D82A730B1AB07A4F00AD0AF9 /* Images.xcassets */ = {isa = PBXFileReference; lastKnownFileType = folder.assetcatalog; path = Images.xcassets; sourceTree = "<group>"; };
		D82A730E1AB07A4F00AD0AF9 /* Base */ = {isa = PBXFileReference; lastKnownFileType = file.xib; name = Base; path = Base.lproj/LaunchScreen.xib; sourceTree = "<group>"; };
		D82A73141AB07A4F00AD0AF9 /* SudokuDemoTests.xctest */ = {isa = PBXFileReference; explicitFileType = wrapper.cfbundle; includeInIndex = 0; path = SudokuDemoTests.xctest; sourceTree = BUILT_PRODUCTS_DIR; };
		D82A73191AB07A4F00AD0AF9 /* Info.plist */ = {isa = PBXFileReference; lastKnownFileType = text.plist.xml; path = Info.plist; sourceTree = "<group>"; };
		D82A731A1AB07A4F00AD0AF9 /* SudokuDemoTests.m */ = {isa = PBXFileReference; lastKnownFileType = sourcecode.c.objc; path = SudokuDemoTests.m; sourceTree = "<group>"; };
		D82A73241AB07A7100AD0AF9 /* WTSudokuView.h */ = {isa = PBXFileReference; fileEncoding = 4; lastKnownFileType = sourcecode.c.h; path = WTSudokuView.h; sourceTree = "<group>"; };
		D82A73251AB07A7100AD0AF9 /* WTSudokuView.m */ = {isa = PBXFileReference; fileEncoding = 4; lastKnownFileType = sourcecode.c.objc; path = WTSudokuView.m; sourceTree = "<group>"; };
		D82A73311AB0838C00AD0AF9 /* SudokuViewController.h */ = {isa = PBXFileReference; fileEncoding = 4; lastKnownFileType = sourcecode.c.h; path = SudokuViewController.h; sourceTree = "<group>"; };
		D82A73321AB0838C00AD0AF9 /* SudokuViewController.m */ = {isa = PBXFileReference; fileEncoding = 4; lastKnownFileType = sourcecode.c.objc; path = SudokuViewController.m; sourceTree = "<group>"; };
		D82A73341AB083CC00AD0AF9 /* KeychainItemWrapper.h */ = {isa = PBXFileReference; fileEncoding = 4; lastKnownFileType = sourcecode.c.h; path = KeychainItemWrapper.h; sourceTree = "<group>"; };
		D82A73351AB083CC00AD0AF9 /* KeychainItemWrapper.m */ = {isa = PBXFileReference; fileEncoding = 4; lastKnownFileType = sourcecode.c.objc; path = KeychainItemWrapper.m; sourceTree = "<group>"; };
		D82A733A1AB08BB700AD0AF9 /* TableViewController.h */ = {isa = PBXFileReference; fileEncoding = 4; lastKnownFileType = sourcecode.c.h; path = TableViewController.h; sourceTree = "<group>"; };
		D82A733B1AB08BB700AD0AF9 /* TableViewController.m */ = {isa = PBXFileReference; fileEncoding = 4; lastKnownFileType = sourcecode.c.objc; path = TableViewController.m; sourceTree = "<group>"; };
		D82A733D1AB093FC00AD0AF9 /* CoreGraphics.framework */ = {isa = PBXFileReference; lastKnownFileType = wrapper.framework; name = CoreGraphics.framework; path = System/Library/Frameworks/CoreGraphics.framework; sourceTree = SDKROOT; };
		D853DB831AB138CD004B6DCC /* GesturePasswordBackground.png */ = {isa = PBXFileReference; lastKnownFileType = image.png; path = GesturePasswordBackground.png; sourceTree = "<group>"; };
		D853DB851AB1EBBF004B6DCC /* libstdc++.6.0.9.dylib */ = {isa = PBXFileReference; lastKnownFileType = "compiled.mach-o.dylib"; name = "libstdc++.6.0.9.dylib"; path = "usr/lib/libstdc++.6.0.9.dylib"; sourceTree = SDKROOT; };
/* End PBXFileReference section */

/* Begin PBXFrameworksBuildPhase section */
		D82A72F81AB07A4F00AD0AF9 /* Frameworks */ = {
			isa = PBXFrameworksBuildPhase;
			buildActionMask = 2147483647;
			files = (
				D853DB861AB1EBBF004B6DCC /* libstdc++.6.0.9.dylib in Frameworks */,
				D82A733E1AB093FC00AD0AF9 /* CoreGraphics.framework in Frameworks */,
			);
			runOnlyForDeploymentPostprocessing = 0;
		};
		D82A73111AB07A4F00AD0AF9 /* Frameworks */ = {
			isa = PBXFrameworksBuildPhase;
			buildActionMask = 2147483647;
			files = (
			);
			runOnlyForDeploymentPostprocessing = 0;
		};
/* End PBXFrameworksBuildPhase section */

/* Begin PBXGroup section */
		D82A72F21AB07A4F00AD0AF9 = {
			isa = PBXGroup;
			children = (
				D853DB851AB1EBBF004B6DCC /* libstdc++.6.0.9.dylib */,
				D82A733D1AB093FC00AD0AF9 /* CoreGraphics.framework */,
				D82A72FD1AB07A4F00AD0AF9 /* SudokuDemo */,
				D82A73171AB07A4F00AD0AF9 /* SudokuDemoTests */,
				D82A72FC1AB07A4F00AD0AF9 /* Products */,
			);
			sourceTree = "<group>";
		};
		D82A72FC1AB07A4F00AD0AF9 /* Products */ = {
			isa = PBXGroup;
			children = (
				D82A72FB1AB07A4F00AD0AF9 /* SudokuDemo.app */,
				D82A73141AB07A4F00AD0AF9 /* SudokuDemoTests.xctest */,
			);
			name = Products;
			sourceTree = "<group>";
		};
		D82A72FD1AB07A4F00AD0AF9 /* SudokuDemo */ = {
			isa = PBXGroup;
			children = (
				D853DB831AB138CD004B6DCC /* GesturePasswordBackground.png */,
				D82A73341AB083CC00AD0AF9 /* KeychainItemWrapper.h */,
				D82A73351AB083CC00AD0AF9 /* KeychainItemWrapper.m */,
				D82A73021AB07A4F00AD0AF9 /* AppDelegate.h */,
				D82A73031AB07A4F00AD0AF9 /* AppDelegate.m */,
				D82A73241AB07A7100AD0AF9 /* WTSudokuView.h */,
				D82A73251AB07A7100AD0AF9 /* WTSudokuView.m */,
				D82A73311AB0838C00AD0AF9 /* SudokuViewController.h */,
				D82A73321AB0838C00AD0AF9 /* SudokuViewController.m */,
				D82A733A1AB08BB700AD0AF9 /* TableViewController.h */,
				D82A733B1AB08BB700AD0AF9 /* TableViewController.m */,
				D82A730B1AB07A4F00AD0AF9 /* Images.xcassets */,
				D82A730D1AB07A4F00AD0AF9 /* LaunchScreen.xib */,
				D82A72FE1AB07A4F00AD0AF9 /* Supporting Files */,
			);
			path = SudokuDemo;
			sourceTree = "<group>";
		};
		D82A72FE1AB07A4F00AD0AF9 /* Supporting Files */ = {
			isa = PBXGroup;
			children = (
				D82A72FF1AB07A4F00AD0AF9 /* Info.plist */,
				D82A73001AB07A4F00AD0AF9 /* main.m */,
			);
			name = "Supporting Files";
			sourceTree = "<group>";
		};
		D82A73171AB07A4F00AD0AF9 /* SudokuDemoTests */ = {
			isa = PBXGroup;
			children = (
				D82A731A1AB07A4F00AD0AF9 /* SudokuDemoTests.m */,
				D82A73181AB07A4F00AD0AF9 /* Supporting Files */,
			);
			path = SudokuDemoTests;
			sourceTree = "<group>";
		};
		D82A73181AB07A4F00AD0AF9 /* Supporting Files */ = {
			isa = PBXGroup;
			children = (
				D82A73191AB07A4F00AD0AF9 /* Info.plist */,
			);
			name = "Supporting Files";
			sourceTree = "<group>";
		};
/* End PBXGroup section */

/* Begin PBXNativeTarget section */
		D82A72FA1AB07A4F00AD0AF9 /* SudokuDemo */ = {
			isa = PBXNativeTarget;
			buildConfigurationList = D82A731E1AB07A4F00AD0AF9 /* Build configuration list for PBXNativeTarget "SudokuDemo" */;
			buildPhases = (
				D82A72F71AB07A4F00AD0AF9 /* Sources */,
				D82A72F81AB07A4F00AD0AF9 /* Frameworks */,
				D82A72F91AB07A4F00AD0AF9 /* Resources */,
			);
			buildRules = (
			);
			dependencies = (
			);
			name = SudokuDemo;
			productName = SudokuDemo;
			productReference = D82A72FB1AB07A4F00AD0AF9 /* SudokuDemo.app */;
			productType = "com.apple.product-type.application";
		};
		D82A73131AB07A4F00AD0AF9 /* SudokuDemoTests */ = {
			isa = PBXNativeTarget;
			buildConfigurationList = D82A73211AB07A4F00AD0AF9 /* Build configuration list for PBXNativeTarget "SudokuDemoTests" */;
			buildPhases = (
				D82A73101AB07A4F00AD0AF9 /* Sources */,
				D82A73111AB07A4F00AD0AF9 /* Frameworks */,
				D82A73121AB07A4F00AD0AF9 /* Resources */,
			);
			buildRules = (
			);
			dependencies = (
				D82A73161AB07A4F00AD0AF9 /* PBXTargetDependency */,
			);
			name = SudokuDemoTests;
			productName = SudokuDemoTests;
			productReference = D82A73141AB07A4F00AD0AF9 /* SudokuDemoTests.xctest */;
			productType = "com.apple.product-type.bundle.unit-test";
		};
/* End PBXNativeTarget section */

/* Begin PBXProject section */
		D82A72F31AB07A4F00AD0AF9 /* Project object */ = {
			isa = PBXProject;
			attributes = {
				LastUpgradeCheck = 0620;
				ORGANIZATIONNAME = wutongr;
				TargetAttributes = {
					D82A72FA1AB07A4F00AD0AF9 = {
						CreatedOnToolsVersion = 6.2;
					};
					D82A73131AB07A4F00AD0AF9 = {
						CreatedOnToolsVersion = 6.2;
						TestTargetID = D82A72FA1AB07A4F00AD0AF9;
					};
				};
			};
			buildConfigurationList = D82A72F61AB07A4F00AD0AF9 /* Build configuration list for PBXProject "SudokuDemo" */;
			compatibilityVersion = "Xcode 3.2";
			developmentRegion = English;
			hasScannedForEncodings = 0;
			knownRegions = (
				en,
				Base,
			);
			mainGroup = D82A72F21AB07A4F00AD0AF9;
			productRefGroup = D82A72FC1AB07A4F00AD0AF9 /* Products */;
			projectDirPath = "";
			projectRoot = "";
			targets = (
				D82A72FA1AB07A4F00AD0AF9 /* SudokuDemo */,
				D82A73131AB07A4F00AD0AF9 /* SudokuDemoTests */,
			);
		};
/* End PBXProject section */

/* Begin PBXResourcesBuildPhase section */
		D82A72F91AB07A4F00AD0AF9 /* Resources */ = {
			isa = PBXResourcesBuildPhase;
			buildActionMask = 2147483647;
			files = (
				D82A730F1AB07A4F00AD0AF9 /* LaunchScreen.xib in Resources */,
				D82A730C1AB07A4F00AD0AF9 /* Images.xcassets in Resources */,
				D853DB841AB138CD004B6DCC /* GesturePasswordBackground.png in Resources */,
			);
			runOnlyForDeploymentPostprocessing = 0;
		};
		D82A73121AB07A4F00AD0AF9 /* Resources */ = {
			isa = PBXResourcesBuildPhase;
			buildActionMask = 2147483647;
			files = (
			);
			runOnlyForDeploymentPostprocessing = 0;
		};
/* End PBXResourcesBuildPhase section */

/* Begin PBXSourcesBuildPhase section */
		D82A72F71AB07A4F00AD0AF9 /* Sources */ = {
			isa = PBXSourcesBuildPhase;
			buildActionMask = 2147483647;
			files = (
				D82A73331AB0838C00AD0AF9 /* SudokuViewController.m in Sources */,
				D82A733C1AB08BB700AD0AF9 /* TableViewController.m in Sources */,
				D82A73041AB07A4F00AD0AF9 /* AppDelegate.m in Sources */,
				D82A73011AB07A4F00AD0AF9 /* main.m in Sources */,
				D82A73361AB083CC00AD0AF9 /* KeychainItemWrapper.m in Sources */,
				D82A73261AB07A7100AD0AF9 /* WTSudokuView.m in Sources */,
			);
			runOnlyForDeploymentPostprocessing = 0;
		};
		D82A73101AB07A4F00AD0AF9 /* Sources */ = {
			isa = PBXSourcesBuildPhase;
			buildActionMask = 2147483647;
			files = (
				D82A731B1AB07A4F00AD0AF9 /* SudokuDemoTests.m in Sources */,
			);
			runOnlyForDeploymentPostprocessing = 0;
		};
/* End PBXSourcesBuildPhase section */

/* Begin PBXTargetDependency section */
		D82A73161AB07A4F00AD0AF9 /* PBXTargetDependency */ = {
			isa = PBXTargetDependency;
			target = D82A72FA1AB07A4F00AD0AF9 /* SudokuDemo */;
			targetProxy = D82A73151AB07A4F00AD0AF9 /* PBXContainerItemProxy */;
		};
/* End PBXTargetDependency section */

/* Begin PBXVariantGroup section */
		D82A730D1AB07A4F00AD0AF9 /* LaunchScreen.xib */ = {
			isa = PBXVariantGroup;
			children = (
				D82A730E1AB07A4F00AD0AF9 /* Base */,
			);
			name = LaunchScreen.xib;
			sourceTree = "<group>";
		};
/* End PBXVariantGroup section */

/* Begin XCBuildConfiguration section */
		D82A731C1AB07A4F00AD0AF9 /* Debug */ = {
			isa = XCBuildConfiguration;
			buildSettings = {
				ALWAYS_SEARCH_USER_PATHS = NO;
				CLANG_CXX_LANGUAGE_STANDARD = "gnu++0x";
				CLANG_CXX_LIBRARY = "libc++";
				CLANG_ENABLE_MODULES = YES;
				CLANG_ENABLE_OBJC_ARC = YES;
				CLANG_WARN_BOOL_CONVERSION = YES;
				CLANG_WARN_CONSTANT_CONVERSION = YES;
				CLANG_WARN_DIRECT_OBJC_ISA_USAGE = YES_ERROR;
				CLANG_WARN_EMPTY_BODY = YES;
				CLANG_WARN_ENUM_CONVERSION = YES;
				CLANG_WARN_INT_CONVERSION = YES;
				CLANG_WARN_OBJC_ROOT_CLASS = YES_ERROR;
				CLANG_WARN_UNREACHABLE_CODE = YES;
				CLANG_WARN__DUPLICATE_METHOD_MATCH = YES;
				"CODE_SIGN_IDENTITY[sdk=iphoneos*]" = "iPhone Developer";
				COPY_PHASE_STRIP = NO;
				ENABLE_STRICT_OBJC_MSGSEND = YES;
				GCC_C_LANGUAGE_STANDARD = gnu99;
				GCC_DYNAMIC_NO_PIC = NO;
				GCC_OPTIMIZATION_LEVEL = 0;
				GCC_PREPROCESSOR_DEFINITIONS = (
					"DEBUG=1",
					"$(inherited)",
				);
				GCC_SYMBOLS_PRIVATE_EXTERN = NO;
				GCC_WARN_64_TO_32_BIT_CONVERSION = YES;
				GCC_WARN_ABOUT_RETURN_TYPE = YES_ERROR;
				GCC_WARN_UNDECLARED_SELECTOR = YES;
				GCC_WARN_UNINITIALIZED_AUTOS = YES_AGGRESSIVE;
				GCC_WARN_UNUSED_FUNCTION = YES;
				GCC_WARN_UNUSED_VARIABLE = YES;
				IPHONEOS_DEPLOYMENT_TARGET = 8.0;
				MTL_ENABLE_DEBUG_INFO = YES;
				ONLY_ACTIVE_ARCH = YES;
				SDKROOT = iphoneos;
			};
			name = Debug;
		};
		D82A731D1AB07A4F00AD0AF9 /* Release */ = {
			isa = XCBuildConfiguration;
			buildSettings = {
				ALWAYS_SEARCH_USER_PATHS = NO;
				CLANG_CXX_LANGUAGE_STANDARD = "gnu++0x";
				CLANG_CXX_LIBRARY = "libc++";
				CLANG_ENABLE_MODULES = YES;
				CLANG_ENABLE_OBJC_ARC = YES;
				CLANG_WARN_BOOL_CONVERSION = YES;
				CLANG_WARN_CONSTANT_CONVERSION = YES;
				CLANG_WARN_DIRECT_OBJC_ISA_USAGE = YES_ERROR;
				CLANG_WARN_EMPTY_BODY = YES;
				CLANG_WARN_ENUM_CONVERSION = YES;
				CLANG_WARN_INT_CONVERSION = YES;
				CLANG_WARN_OBJC_ROOT_CLASS = YES_ERROR;
				CLANG_WARN_UNREACHABLE_CODE = YES;
				CLANG_WARN__DUPLICATE_METHOD_MATCH = YES;
				"CODE_SIGN_IDENTITY[sdk=iphoneos*]" = "iPhone Developer";
				COPY_PHASE_STRIP = NO;
				ENABLE_NS_ASSERTIONS = NO;
				ENABLE_STRICT_OBJC_MSGSEND = YES;
				GCC_C_LANGUAGE_STANDARD = gnu99;
				GCC_WARN_64_TO_32_BIT_CONVERSION = YES;
				GCC_WARN_ABOUT_RETURN_TYPE = YES_ERROR;
				GCC_WARN_UNDECLARED_SELECTOR = YES;
				GCC_WARN_UNINITIALIZED_AUTOS = YES_AGGRESSIVE;
				GCC_WARN_UNUSED_FUNCTION = YES;
				GCC_WARN_UNUSED_VARIABLE = YES;
				IPHONEOS_DEPLOYMENT_TARGET = 8.0;
				MTL_ENABLE_DEBUG_INFO = NO;
				SDKROOT = iphoneos;
				VALIDATE_PRODUCT = YES;
			};
			name = Release;
		};
		D82A731F1AB07A4F00AD0AF9 /* Debug */ = {
			isa = XCBuildConfiguration;
			buildSettings = {
				ASSETCATALOG_COMPILER_APPICON_NAME = AppIcon;
				INFOPLIST_FILE = SudokuDemo/Info.plist;
				LD_RUNPATH_SEARCH_PATHS = "$(inherited) @executable_path/Frameworks";
				PRODUCT_NAME = "$(TARGET_NAME)";
			};
			name = Debug;
		};
		D82A73201AB07A4F00AD0AF9 /* Release */ = {
			isa = XCBuildConfiguration;
			buildSettings = {
				ASSETCATALOG_COMPILER_APPICON_NAME = AppIcon;
				INFOPLIST_FILE = SudokuDemo/Info.plist;
				LD_RUNPATH_SEARCH_PATHS = "$(inherited) @executable_path/Frameworks";
				PRODUCT_NAME = "$(TARGET_NAME)";
			};
			name = Release;
		};
		D82A73221AB07A4F00AD0AF9 /* Debug */ = {
			isa = XCBuildConfiguration;
			buildSettings = {
				BUNDLE_LOADER = "$(TEST_HOST)";
				FRAMEWORK_SEARCH_PATHS = (
					"$(SDKROOT)/Developer/Library/Frameworks",
					"$(inherited)",
				);
				GCC_PREPROCESSOR_DEFINITIONS = (
					"DEBUG=1",
					"$(inherited)",
				);
				INFOPLIST_FILE = SudokuDemoTests/Info.plist;
				LD_RUNPATH_SEARCH_PATHS = "$(inherited) @executable_path/Frameworks @loader_path/Frameworks";
				PRODUCT_NAME = "$(TARGET_NAME)";
				TEST_HOST = "$(BUILT_PRODUCTS_DIR)/SudokuDemo.app/SudokuDemo";
			};
			name = Debug;
		};
		D82A73231AB07A4F00AD0AF9 /* Release */ = {
			isa = XCBuildConfiguration;
			buildSettings = {
				BUNDLE_LOADER = "$(TEST_HOST)";
				FRAMEWORK_SEARCH_PATHS = (
					"$(SDKROOT)/Developer/Library/Frameworks",
					"$(inherited)",
				);
				INFOPLIST_FILE = SudokuDemoTests/Info.plist;
				LD_RUNPATH_SEARCH_PATHS = "$(inherited) @executable_path/Frameworks @loader_path/Frameworks";
				PRODUCT_NAME = "$(TARGET_NAME)";
				TEST_HOST = "$(BUILT_PRODUCTS_DIR)/SudokuDemo.app/SudokuDemo";
			};
			name = Release;
		};
/* End XCBuildConfiguration section */

/* Begin XCConfigurationList section */
		D82A72F61AB07A4F00AD0AF9 /* Build configuration list for PBXProject "SudokuDemo" */ = {
			isa = XCConfigurationList;
			buildConfigurations = (
				D82A731C1AB07A4F00AD0AF9 /* Debug */,
				D82A731D1AB07A4F00AD0AF9 /* Release */,
			);
			defaultConfigurationIsVisible = 0;
			defaultConfigurationName = Release;
		};
		D82A731E1AB07A4F00AD0AF9 /* Build configuration list for PBXNativeTarget "SudokuDemo" */ = {
			isa = XCConfigurationList;
			buildConfigurations = (
				D82A731F1AB07A4F00AD0AF9 /* Debug */,
				D82A73201AB07A4F00AD0AF9 /* Release */,
			);
			defaultConfigurationIsVisible = 0;
			defaultConfigurationName = Release;
		};
		D82A73211AB07A4F00AD0AF9 /* Build configuration list for PBXNativeTarget "SudokuDemoTests" */ = {
			isa = XCConfigurationList;
			buildConfigurations = (
				D82A73221AB07A4F00AD0AF9 /* Debug */,
				D82A73231AB07A4F00AD0AF9 /* Release */,
			);
			defaultConfigurationIsVisible = 0;
			defaultConfigurationName = Release;
		};
/* End XCConfigurationList section */
	};
	rootObject = D82A72F31AB07A4F00AD0AF9 /* Project object */;
}
